
Microsoft Visual Studio Solution File, Format Version 12.00
# Visual Studio Version 17
VisualStudioVersion = 17.3.32804.467
MinimumVisualStudioVersion = 10.0.40219.1
Project("{FAE04EC0-301F-11D3-BF4B-00C04F79EFBC}") = "InvoiceXMLTransferService", "InvoiceXMLTransferService\InvoiceXMLTransferService.csproj", "{FD35F4A8-4B95-4DCF-AC77-5FFA14EDC6F6}"
EndProject
Project("{FAE04EC0-301F-11D3-BF4B-00C04F79EFBC}") = "DataAccess", "DataAccess\DataAccess.csproj", "{7F569CB8-0959-4DA3-99D0-B36DDEB05876}"
EndProject
Global
	GlobalSection(SolutionConfigurationPlatforms) = preSolution
		Debug|Any CPU = Debug|Any CPU
		Release|Any CPU = Release|Any CPU
	EndGlobalSection
	GlobalSection(ProjectConfigurationPlatforms) = postSolution
		{FD35F4A8-4B95-4DCF-AC77-5FFA14EDC6F6}.Debug|Any CPU.ActiveCfg = Debug|Any CPU
		{FD35F4A8-4B95-4DCF-AC77-5FFA14EDC6F6}.Debug|Any CPU.Build.0 = Debug|Any CPU
		{FD35F4A8-4B95-4DCF-AC77-5FFA14EDC6F6}.Release|Any CPU.ActiveCfg = Release|Any CPU
		{FD35F4A8-4B95-4DCF-AC77-5FFA14EDC6F6}.Release|Any CPU.Build.0 = Release|Any CPU
		{7F569CB8-0959-4DA3-99D0-B36DDEB05876}.Debug|Any CPU.ActiveCfg = Debug|Any CPU
		{7F569CB8-0959-4DA3-99D0-B36DDEB05876}.Debug|Any CPU.Build.0 = Debug|Any CPU
		{7F569CB8-0959-4DA3-99D0-B36DDEB05876}.Release|Any CPU.ActiveCfg = Release|Any CPU
		{7F569CB8-0959-4DA3-99D0-B36DDEB05876}.Release|Any CPU.Build.0 = Release|Any CPU
	EndGlobalSection
	GlobalSection(SolutionProperties) = preSolution
		HideSolutionNode = FALSE
	EndGlobalSection
	GlobalSection(ExtensibilityGlobals) = postSolution
		SolutionGuid = {3E91ED09-5141-41CA-8E6C-F64C80E00144}
	EndGlobalSection
EndGlobal
